{
  "name": "cybersholt.com",
  "version": "0.7.1",
  "lockfileVersion": 3,
  "requires": true,
  "packages": {
    "": {
      "name": "cybersholt.com",
      "version": "0.7.1",
      "dependencies": {
        "wallace-cli": "^3.0.0"
      }
    },
    "node_modules/wallace-cli": {
      "version": "3.0.0",
      "resolved": "https://registry.npmjs.org/wallace-cli/-/wallace-cli-3.0.0.tgz",
      "integrity": "sha512-A6yDex76bgqj8X+v1b7oqmbKPSiNiBaFcl+lJh0I04O16DkHrTDWRIhTJ9zTncb2qT8CV4MhzRX61+7lbtbeEA==",
      "bin": {
        "wallace": "dist/cli.cjs"
      },
      "engines": {
        "node": ">=18"
      }
    }
  }
}
